
Microsoft Visual Studio Solution File, Format Version 12.00
# Visual Studio Version 17
VisualStudioVersion = 17.10.35122.118
MinimumVisualStudioVersion = 10.0.40219.1
Project("{FAE04EC0-301F-11D3-BF4B-00C04F79EFBC}") = "Acme&CoReconciller", "Acme&CoReconciller\Acme&CoReconciller.csproj", "{1FF88D6F-CC72-4D1F-AAA7-D5119098F0F1}"
EndProject
Global
	GlobalSection(SolutionConfigurationPlatforms) = preSolution
		Debug|Any CPU = Debug|Any CPU
		Release|Any CPU = Release|Any CPU
	EndGlobalSection
	GlobalSection(ProjectConfigurationPlatforms) = postSolution
		{1FF88D6F-CC72-4D1F-AAA7-D5119098F0F1}.Debug|Any CPU.ActiveCfg = Debug|Any CPU
		{1FF88D6F-CC72-4D1F-AAA7-D5119098F0F1}.Debug|Any CPU.Build.0 = Debug|Any CPU
		{1FF88D6F-CC72-4D1F-AAA7-D5119098F0F1}.Release|Any CPU.ActiveCfg = Release|Any CPU
		{1FF88D6F-CC72-4D1F-AAA7-D5119098F0F1}.Release|Any CPU.Build.0 = Release|Any CPU
	EndGlobalSection
	GlobalSection(SolutionProperties) = preSolution
		HideSolutionNode = FALSE
	EndGlobalSection
	GlobalSection(ExtensibilityGlobals) = postSolution
		SolutionGuid = {339239BD-2A8D-44FB-A047-BB88BF2117DA}
	EndGlobalSection
EndGlobal
